
Microsoft Visual Studio Solution File, Format Version 12.00
# Visual Studio 15
VisualStudioVersion = 15.0.28307.168
MinimumVisualStudioVersion = 10.0.40219.1
Project("{FAE04EC0-301F-11D3-BF4B-00C04F79EFBC}") = "DemoExamPreparing", "DemoExamPreparing\DemoExamPreparing.csproj", "{F6B0A83F-D4D3-4738-8DAE-A3880E7FE600}"
EndProject
Global
	GlobalSection(SolutionConfigurationPlatforms) = preSolution
		Debug|Any CPU = Debug|Any CPU
		Release|Any CPU = Release|Any CPU
	EndGlobalSection
	GlobalSection(ProjectConfigurationPlatforms) = postSolution
		{F6B0A83F-D4D3-4738-8DAE-A3880E7FE600}.Debug|Any CPU.ActiveCfg = Debug|Any CPU
		{F6B0A83F-D4D3-4738-8DAE-A3880E7FE600}.Debug|Any CPU.Build.0 = Debug|Any CPU
		{F6B0A83F-D4D3-4738-8DAE-A3880E7FE600}.Release|Any CPU.ActiveCfg = Release|Any CPU
		{F6B0A83F-D4D3-4738-8DAE-A3880E7FE600}.Release|Any CPU.Build.0 = Release|Any CPU
	EndGlobalSection
	GlobalSection(SolutionProperties) = preSolution
		HideSolutionNode = FALSE
	EndGlobalSection
	GlobalSection(ExtensibilityGlobals) = postSolution
		SolutionGuid = {CAB400B4-EF0D-44F0-8B92-A6C64836628D}
	EndGlobalSection
EndGlobal
